
Microsoft Visual Studio Solution File, Format Version 12.00
# Visual Studio Version 17
VisualStudioVersion = 17.5.33530.505
MinimumVisualStudioVersion = 10.0.40219.1
Project("{9A19103F-16F7-4668-BE54-9A1E7A4F7556}") = "Encryptor_Decryptor", "Encriptor_Decriptor\Encryptor_Decryptor.csproj", "{E2F63A32-4E62-4555-AFD0-291BE5B49DA5}"
EndProject
Project("{FAE04EC0-301F-11D3-BF4B-00C04F79EFBC}") = "File test", "File test\File test.csproj", "{C19FB115-254B-4E41-A4DF-0AE69A6D1C8B}"
EndProject
Global
	GlobalSection(SolutionConfigurationPlatforms) = preSolution
		Debug|Any CPU = Debug|Any CPU
		Release|Any CPU = Release|Any CPU
	EndGlobalSection
	GlobalSection(ProjectConfigurationPlatforms) = postSolution
		{E2F63A32-4E62-4555-AFD0-291BE5B49DA5}.Debug|Any CPU.ActiveCfg = Debug|Any CPU
		{E2F63A32-4E62-4555-AFD0-291BE5B49DA5}.Debug|Any CPU.Build.0 = Debug|Any CPU
		{E2F63A32-4E62-4555-AFD0-291BE5B49DA5}.Release|Any CPU.ActiveCfg = Release|Any CPU
		{E2F63A32-4E62-4555-AFD0-291BE5B49DA5}.Release|Any CPU.Build.0 = Release|Any CPU
		{C19FB115-254B-4E41-A4DF-0AE69A6D1C8B}.Debug|Any CPU.ActiveCfg = Debug|Any CPU
		{C19FB115-254B-4E41-A4DF-0AE69A6D1C8B}.Debug|Any CPU.Build.0 = Debug|Any CPU
		{C19FB115-254B-4E41-A4DF-0AE69A6D1C8B}.Release|Any CPU.ActiveCfg = Release|Any CPU
		{C19FB115-254B-4E41-A4DF-0AE69A6D1C8B}.Release|Any CPU.Build.0 = Release|Any CPU
	EndGlobalSection
	GlobalSection(SolutionProperties) = preSolution
		HideSolutionNode = FALSE
	EndGlobalSection
	GlobalSection(ExtensibilityGlobals) = postSolution
		SolutionGuid = {7DE1C909-46D2-49E9-9E23-8C16C92ED8EC}
	EndGlobalSection
EndGlobal
